
Microsoft Visual Studio Solution File, Format Version 12.00
# Visual Studio 15
VisualStudioVersion = 15.0.26730.3
MinimumVisualStudioVersion = 10.0.40219.1
Project("{9A19103F-16F7-4668-BE54-9A1E7A4F7556}") = "00-UI", "00-UI\00-UI.csproj", "{B1DC254F-05CE-403E-8179-122DF47EAC34}"
EndProject
Project("{9A19103F-16F7-4668-BE54-9A1E7A4F7556}") = "01-App", "01-App\01-App.csproj", "{D107B43A-448C-47D5-A961-64A81845045F}"
EndProject
Project("{9A19103F-16F7-4668-BE54-9A1E7A4F7556}") = "02-Domain", "02-Domain\02-Domain.csproj", "{B3F1F312-89ED-4672-BAB2-5BFA34B6B199}"
EndProject
Project("{9A19103F-16F7-4668-BE54-9A1E7A4F7556}") = "PyaFramework", "..\PyaFramework\PyaFramework.csproj", "{2F890EFB-EEF5-4F7A-BE0B-10DD3D6E2F0F}"
EndProject
Global
	GlobalSection(SolutionConfigurationPlatforms) = preSolution
		Debug|Any CPU = Debug|Any CPU
		Release|Any CPU = Release|Any CPU
	EndGlobalSection
	GlobalSection(ProjectConfigurationPlatforms) = postSolution
		{B1DC254F-05CE-403E-8179-122DF47EAC34}.Debug|Any CPU.ActiveCfg = Debug|Any CPU
		{B1DC254F-05CE-403E-8179-122DF47EAC34}.Debug|Any CPU.Build.0 = Debug|Any CPU
		{B1DC254F-05CE-403E-8179-122DF47EAC34}.Release|Any CPU.ActiveCfg = Release|Any CPU
		{B1DC254F-05CE-403E-8179-122DF47EAC34}.Release|Any CPU.Build.0 = Release|Any CPU
		{D107B43A-448C-47D5-A961-64A81845045F}.Debug|Any CPU.ActiveCfg = Debug|Any CPU
		{D107B43A-448C-47D5-A961-64A81845045F}.Debug|Any CPU.Build.0 = Debug|Any CPU
		{D107B43A-448C-47D5-A961-64A81845045F}.Release|Any CPU.ActiveCfg = Release|Any CPU
		{D107B43A-448C-47D5-A961-64A81845045F}.Release|Any CPU.Build.0 = Release|Any CPU
		{B3F1F312-89ED-4672-BAB2-5BFA34B6B199}.Debug|Any CPU.ActiveCfg = Debug|Any CPU
		{B3F1F312-89ED-4672-BAB2-5BFA34B6B199}.Debug|Any CPU.Build.0 = Debug|Any CPU
		{B3F1F312-89ED-4672-BAB2-5BFA34B6B199}.Release|Any CPU.ActiveCfg = Release|Any CPU
		{B3F1F312-89ED-4672-BAB2-5BFA34B6B199}.Release|Any CPU.Build.0 = Release|Any CPU
		{2F890EFB-EEF5-4F7A-BE0B-10DD3D6E2F0F}.Debug|Any CPU.ActiveCfg = Debug|Any CPU
		{2F890EFB-EEF5-4F7A-BE0B-10DD3D6E2F0F}.Debug|Any CPU.Build.0 = Debug|Any CPU
		{2F890EFB-EEF5-4F7A-BE0B-10DD3D6E2F0F}.Release|Any CPU.ActiveCfg = Release|Any CPU
		{2F890EFB-EEF5-4F7A-BE0B-10DD3D6E2F0F}.Release|Any CPU.Build.0 = Release|Any CPU
	EndGlobalSection
	GlobalSection(SolutionProperties) = preSolution
		HideSolutionNode = FALSE
	EndGlobalSection
	GlobalSection(ExtensibilityGlobals) = postSolution
		SolutionGuid = {03A158DA-A2F8-4922-BC86-76D0998C92B9}
	EndGlobalSection
EndGlobal
