
Microsoft Visual Studio Solution File, Format Version 12.00
# Visual Studio Version 16
VisualStudioVersion = 16.0.29102.190
MinimumVisualStudioVersion = 10.0.40219.1
Project("{9A19103F-16F7-4668-BE54-9A1E7A4F7556}") = "10-UI", "10-UI\10-UI.csproj", "{B1DC254F-05CE-403E-8179-122DF47EAC34}"
EndProject
Project("{9A19103F-16F7-4668-BE54-9A1E7A4F7556}") = "20-App", "20-App\20-App.csproj", "{D107B43A-448C-47D5-A961-64A81845045F}"
EndProject
Project("{9A19103F-16F7-4668-BE54-9A1E7A4F7556}") = "30-Domain", "30-Domain\30-Domain.csproj", "{B3F1F312-89ED-4672-BAB2-5BFA34B6B199}"
EndProject
Project("{9A19103F-16F7-4668-BE54-9A1E7A4F7556}") = "40-Data", "40-Data\40-Data.csproj", "{D0A5BCE5-2021-46E7-A42E-B28843D95C47}"
EndProject
Project("{FAE04EC0-301F-11D3-BF4B-00C04F79EFBC}") = "41-Data.Test", "41-Data.Test\41-Data.Test.csproj", "{62DB39DE-CD49-4637-A2C8-2D340B69142A}"
EndProject
Global
	GlobalSection(SolutionConfigurationPlatforms) = preSolution
		Debug|Any CPU = Debug|Any CPU
		Release|Any CPU = Release|Any CPU
	EndGlobalSection
	GlobalSection(ProjectConfigurationPlatforms) = postSolution
		{B1DC254F-05CE-403E-8179-122DF47EAC34}.Debug|Any CPU.ActiveCfg = Debug|Any CPU
		{B1DC254F-05CE-403E-8179-122DF47EAC34}.Debug|Any CPU.Build.0 = Debug|Any CPU
		{B1DC254F-05CE-403E-8179-122DF47EAC34}.Release|Any CPU.ActiveCfg = Release|Any CPU
		{B1DC254F-05CE-403E-8179-122DF47EAC34}.Release|Any CPU.Build.0 = Release|Any CPU
		{D107B43A-448C-47D5-A961-64A81845045F}.Debug|Any CPU.ActiveCfg = Debug|Any CPU
		{D107B43A-448C-47D5-A961-64A81845045F}.Debug|Any CPU.Build.0 = Debug|Any CPU
		{D107B43A-448C-47D5-A961-64A81845045F}.Release|Any CPU.ActiveCfg = Release|Any CPU
		{D107B43A-448C-47D5-A961-64A81845045F}.Release|Any CPU.Build.0 = Release|Any CPU
		{B3F1F312-89ED-4672-BAB2-5BFA34B6B199}.Debug|Any CPU.ActiveCfg = Debug|Any CPU
		{B3F1F312-89ED-4672-BAB2-5BFA34B6B199}.Debug|Any CPU.Build.0 = Debug|Any CPU
		{B3F1F312-89ED-4672-BAB2-5BFA34B6B199}.Release|Any CPU.ActiveCfg = Release|Any CPU
		{B3F1F312-89ED-4672-BAB2-5BFA34B6B199}.Release|Any CPU.Build.0 = Release|Any CPU
		{D0A5BCE5-2021-46E7-A42E-B28843D95C47}.Debug|Any CPU.ActiveCfg = Debug|Any CPU
		{D0A5BCE5-2021-46E7-A42E-B28843D95C47}.Debug|Any CPU.Build.0 = Debug|Any CPU
		{D0A5BCE5-2021-46E7-A42E-B28843D95C47}.Release|Any CPU.ActiveCfg = Release|Any CPU
		{D0A5BCE5-2021-46E7-A42E-B28843D95C47}.Release|Any CPU.Build.0 = Release|Any CPU
		{62DB39DE-CD49-4637-A2C8-2D340B69142A}.Debug|Any CPU.ActiveCfg = Debug|Any CPU
		{62DB39DE-CD49-4637-A2C8-2D340B69142A}.Debug|Any CPU.Build.0 = Debug|Any CPU
		{62DB39DE-CD49-4637-A2C8-2D340B69142A}.Release|Any CPU.ActiveCfg = Release|Any CPU
		{62DB39DE-CD49-4637-A2C8-2D340B69142A}.Release|Any CPU.Build.0 = Release|Any CPU
	EndGlobalSection
	GlobalSection(SolutionProperties) = preSolution
		HideSolutionNode = FALSE
	EndGlobalSection
	GlobalSection(ExtensibilityGlobals) = postSolution
		SolutionGuid = {03A158DA-A2F8-4922-BC86-76D0998C92B9}
	EndGlobalSection
EndGlobal
